
Microsoft Visual Studio Solution File, Format Version 12.00
# Visual Studio 15
VisualStudioVersion = 15.0.36217.24
MinimumVisualStudioVersion = 10.0.40219.1
Project("{FAE04EC0-301F-11D3-BF4B-00C04F79EFBC}") = "MyServer_001", "MyServer_001\MyServer_001.csproj", "{1A8C6943-1F8E-41BF-8F97-1D22207ADF8B}"
EndProject
Global
	GlobalSection(SolutionConfigurationPlatforms) = preSolution
		Debug|Any CPU = Debug|Any CPU
		Release|Any CPU = Release|Any CPU
	EndGlobalSection
	GlobalSection(ProjectConfigurationPlatforms) = postSolution
		{1A8C6943-1F8E-41BF-8F97-1D22207ADF8B}.Debug|Any CPU.ActiveCfg = Debug|Any CPU
		{1A8C6943-1F8E-41BF-8F97-1D22207ADF8B}.Debug|Any CPU.Build.0 = Debug|Any CPU
		{1A8C6943-1F8E-41BF-8F97-1D22207ADF8B}.Release|Any CPU.ActiveCfg = Release|Any CPU
		{1A8C6943-1F8E-41BF-8F97-1D22207ADF8B}.Release|Any CPU.Build.0 = Release|Any CPU
	EndGlobalSection
	GlobalSection(SolutionProperties) = preSolution
		HideSolutionNode = FALSE
	EndGlobalSection
	GlobalSection(ExtensibilityGlobals) = postSolution
		SolutionGuid = {318694F4-4784-4543-90F0-F6DA6CD608A7}
	EndGlobalSection
EndGlobal
